{
  "version": 4,
  "terraform_version": "1.5.7",
  "serial": 195,
  "lineage": "cfc50645-00d3-20c5-f265-b3c28c6a5d9e",
  "outputs": {
    "node_privips": {
      "value": [
        "10.0.1.5",
        "10.0.1.6",
        "10.0.1.4"
      ],
      "type": [
        "tuple",
        [
          "string",
          "string",
          "string"
        ]
      ]
    },
    "node_pubips": {
      "value": [
        "4.155.217.20",
        "20.125.40.241",
        "4.246.81.76"
      ],
      "type": [
        "tuple",
        [
          "string",
          "string",
          "string"
        ]
      ]
    }
  },
  "resources": [
    {
      "mode": "data",
      "type": "azurerm_resource_group",
      "name": "npbTest-RG",
      "provider": "provider[\"registry.terraform.io/hashicorp/azurerm\"]",
      "instances": [
        {
          "schema_version": 0,
          "attributes": {
            "id": "/subscriptions/889c6666-e9ff-44f4-ac7e-23259acc8a5e/resourceGroups/NpbTestbench",
            "location": "westus2",
            "name": "NpbTestbench",
            "tags": {},
            "timeouts": null
          },
          "sensitive_attributes": []
        }
      ]
    },
    {
      "mode": "data",
      "type": "azurerm_ssh_public_key",
      "name": "npb-PubKey",
      "provider": "provider[\"registry.terraform.io/hashicorp/azurerm\"]",
      "instances": [
        {
          "schema_version": 0,
          "attributes": {
            "id": "/subscriptions/889c6666-e9ff-44f4-ac7e-23259acc8a5e/resourceGroups/NpbTestbench/providers/Microsoft.Compute/sshPublicKeys/clientkey",
            "name": "clientkey",
            "public_key": "ssh-rsa AAAAB3NzaC1yc2EAAAADAQABAAABAQD/TQrM+N90VwcWNyit59Ehgvbe8TJkPEYsem+RaVKB0JjggDEnNM5Iocbe2kA+aPvKgJQXYnbhVR750bn6LhCJ8joQwDfFmKxgvdY/Js1Le2W7RYdS3iTugxVcBaymUOTFt8/+wrIHQCaz8aPtkJuLO7xX35R7oYCZxo7IUiA3x9S09e0GgSkUtPb0XyBtEpgkkhl61cpI/8IoVl16dm9w1sWjtYRLz2xJ92hFhE9dxSzapf2KxOpHHtCiF55t3MQuX6ZbktfBm7SEwANu1uXYQCkj4cpJUOAq/+g0nYUmCeVmJOytB2DrYsQ4zL5ls9uagWxILRV71ctIVp+Mu+Ov",
            "resource_group_name": "NpbTestbench",
            "tags": {},
            "timeouts": null
          },
          "sensitive_attributes": []
        }
      ]
    },
    {
      "mode": "managed",
      "type": "azurerm_linux_virtual_machine",
      "name": "Node",
      "provider": "provider[\"registry.terraform.io/hashicorp/azurerm\"]",
      "instances": [
        {
          "index_key": 0,
          "schema_version": 0,
          "attributes": {
            "additional_capabilities": [],
            "admin_password": null,
            "admin_ssh_key": [
              {
                "public_key": "ssh-rsa AAAAB3NzaC1yc2EAAAADAQABAAABAQD/TQrM+N90VwcWNyit59Ehgvbe8TJkPEYsem+RaVKB0JjggDEnNM5Iocbe2kA+aPvKgJQXYnbhVR750bn6LhCJ8joQwDfFmKxgvdY/Js1Le2W7RYdS3iTugxVcBaymUOTFt8/+wrIHQCaz8aPtkJuLO7xX35R7oYCZxo7IUiA3x9S09e0GgSkUtPb0XyBtEpgkkhl61cpI/8IoVl16dm9w1sWjtYRLz2xJ92hFhE9dxSzapf2KxOpHHtCiF55t3MQuX6ZbktfBm7SEwANu1uXYQCkj4cpJUOAq/+g0nYUmCeVmJOytB2DrYsQ4zL5ls9uagWxILRV71ctIVp+Mu+Ov",
                "username": "ubuntu"
              }
            ],
            "admin_username": "ubuntu",
            "allow_extension_operations": true,
            "availability_set_id": "",
            "boot_diagnostics": [],
            "computer_name": "NPBTest1",
            "custom_data": null,
            "dedicated_host_group_id": "",
            "dedicated_host_id": "",
            "disable_password_authentication": true,
            "edge_zone": "",
            "encryption_at_host_enabled": false,
            "eviction_policy": "",
            "extensions_time_budget": "PT1H30M",
            "id": "/subscriptions/889c6666-e9ff-44f4-ac7e-23259acc8a5e/resourceGroups/NpbTestbench/providers/Microsoft.Compute/virtualMachines/NPBTest1",
            "identity": [],
            "license_type": "",
            "location": "westus2",
            "max_bid_price": -1,
            "name": "NPBTest1",
            "network_interface_ids": [
              "/subscriptions/889c6666-e9ff-44f4-ac7e-23259acc8a5e/resourceGroups/NpbTestbench/providers/Microsoft.Network/networkInterfaces/npbTest-nic-1"
            ],
            "os_disk": [
              {
                "caching": "ReadWrite",
                "diff_disk_settings": [],
                "disk_encryption_set_id": "",
                "disk_size_gb": 30,
                "name": "NPBTest1_OsDisk_1_10c5f660b19f4ca8b2db8b2b1715594f",
                "storage_account_type": "Standard_LRS",
                "write_accelerator_enabled": false
              }
            ],
            "patch_mode": "ImageDefault",
            "plan": [],
            "platform_fault_domain": -1,
            "priority": "Regular",
            "private_ip_address": "10.0.1.5",
            "private_ip_addresses": [
              "10.0.1.5"
            ],
            "provision_vm_agent": true,
            "proximity_placement_group_id": "",
            "public_ip_address": "4.155.217.20",
            "public_ip_addresses": [
              "4.155.217.20"
            ],
            "resource_group_name": "NpbTestbench",
            "secret": [],
            "secure_boot_enabled": false,
            "size": "Standard_B4ms",
            "source_image_id": "",
            "source_image_reference": [
              {
                "offer": "0001-com-ubuntu-server-jammy",
                "publisher": "Canonical",
                "sku": "22_04-lts-gen2",
                "version": "latest"
              }
            ],
            "tags": null,
            "termination_notification": null,
            "timeouts": null,
            "user_data": "",
            "virtual_machine_id": "ac74a483-a706-415b-bd4b-e0345e52a849",
            "virtual_machine_scale_set_id": "",
            "vtpm_enabled": false,
            "zone": ""
          },
          "sensitive_attributes": [],
          "private": "eyJlMmJmYjczMC1lY2FhLTExZTYtOGY4OC0zNDM2M2JjN2M0YzAiOnsiY3JlYXRlIjoyNzAwMDAwMDAwMDAwLCJkZWxldGUiOjI3MDAwMDAwMDAwMDAsInJlYWQiOjMwMDAwMDAwMDAwMCwidXBkYXRlIjoyNzAwMDAwMDAwMDAwfX0=",
          "dependencies": [
            "azurerm_network_interface.npb-Nic",
            "azurerm_public_ip.npb-PubIp",
            "azurerm_subnet.npbTest-Sub",
            "azurerm_virtual_network.npb-VNet",
            "data.azurerm_resource_group.npbTest-RG",
            "data.azurerm_ssh_public_key.npb-PubKey"
          ]
        },
        {
          "index_key": 1,
          "schema_version": 0,
          "attributes": {
            "additional_capabilities": [],
            "admin_password": null,
            "admin_ssh_key": [
              {
                "public_key": "ssh-rsa AAAAB3NzaC1yc2EAAAADAQABAAABAQD/TQrM+N90VwcWNyit59Ehgvbe8TJkPEYsem+RaVKB0JjggDEnNM5Iocbe2kA+aPvKgJQXYnbhVR750bn6LhCJ8joQwDfFmKxgvdY/Js1Le2W7RYdS3iTugxVcBaymUOTFt8/+wrIHQCaz8aPtkJuLO7xX35R7oYCZxo7IUiA3x9S09e0GgSkUtPb0XyBtEpgkkhl61cpI/8IoVl16dm9w1sWjtYRLz2xJ92hFhE9dxSzapf2KxOpHHtCiF55t3MQuX6ZbktfBm7SEwANu1uXYQCkj4cpJUOAq/+g0nYUmCeVmJOytB2DrYsQ4zL5ls9uagWxILRV71ctIVp+Mu+Ov",
                "username": "ubuntu"
              }
            ],
            "admin_username": "ubuntu",
            "allow_extension_operations": true,
            "availability_set_id": "",
            "boot_diagnostics": [],
            "computer_name": "NPBTest2",
            "custom_data": null,
            "dedicated_host_group_id": "",
            "dedicated_host_id": "",
            "disable_password_authentication": true,
            "edge_zone": "",
            "encryption_at_host_enabled": false,
            "eviction_policy": "",
            "extensions_time_budget": "PT1H30M",
            "id": "/subscriptions/889c6666-e9ff-44f4-ac7e-23259acc8a5e/resourceGroups/NpbTestbench/providers/Microsoft.Compute/virtualMachines/NPBTest2",
            "identity": [],
            "license_type": "",
            "location": "westus2",
            "max_bid_price": -1,
            "name": "NPBTest2",
            "network_interface_ids": [
              "/subscriptions/889c6666-e9ff-44f4-ac7e-23259acc8a5e/resourceGroups/NpbTestbench/providers/Microsoft.Network/networkInterfaces/npbTest-nic-2"
            ],
            "os_disk": [
              {
                "caching": "ReadWrite",
                "diff_disk_settings": [],
                "disk_encryption_set_id": "",
                "disk_size_gb": 30,
                "name": "NPBTest2_OsDisk_1_e5d285c6f90646e987fa561eea2135de",
                "storage_account_type": "Standard_LRS",
                "write_accelerator_enabled": false
              }
            ],
            "patch_mode": "ImageDefault",
            "plan": [],
            "platform_fault_domain": -1,
            "priority": "Regular",
            "private_ip_address": "10.0.1.6",
            "private_ip_addresses": [
              "10.0.1.6"
            ],
            "provision_vm_agent": true,
            "proximity_placement_group_id": "",
            "public_ip_address": "20.125.40.241",
            "public_ip_addresses": [
              "20.125.40.241"
            ],
            "resource_group_name": "NpbTestbench",
            "secret": [],
            "secure_boot_enabled": false,
            "size": "Standard_B4ms",
            "source_image_id": "",
            "source_image_reference": [
              {
                "offer": "0001-com-ubuntu-server-jammy",
                "publisher": "Canonical",
                "sku": "22_04-lts-gen2",
                "version": "latest"
              }
            ],
            "tags": null,
            "termination_notification": null,
            "timeouts": null,
            "user_data": "",
            "virtual_machine_id": "cd977962-2468-4184-86b6-cdc64abcec7e",
            "virtual_machine_scale_set_id": "",
            "vtpm_enabled": false,
            "zone": ""
          },
          "sensitive_attributes": [],
          "private": "eyJlMmJmYjczMC1lY2FhLTExZTYtOGY4OC0zNDM2M2JjN2M0YzAiOnsiY3JlYXRlIjoyNzAwMDAwMDAwMDAwLCJkZWxldGUiOjI3MDAwMDAwMDAwMDAsInJlYWQiOjMwMDAwMDAwMDAwMCwidXBkYXRlIjoyNzAwMDAwMDAwMDAwfX0=",
          "dependencies": [
            "azurerm_network_interface.npb-Nic",
            "azurerm_public_ip.npb-PubIp",
            "azurerm_subnet.npbTest-Sub",
            "azurerm_virtual_network.npb-VNet",
            "data.azurerm_resource_group.npbTest-RG",
            "data.azurerm_ssh_public_key.npb-PubKey"
          ]
        },
        {
          "index_key": 2,
          "schema_version": 0,
          "attributes": {
            "additional_capabilities": [],
            "admin_password": null,
            "admin_ssh_key": [
              {
                "public_key": "ssh-rsa AAAAB3NzaC1yc2EAAAADAQABAAABAQD/TQrM+N90VwcWNyit59Ehgvbe8TJkPEYsem+RaVKB0JjggDEnNM5Iocbe2kA+aPvKgJQXYnbhVR750bn6LhCJ8joQwDfFmKxgvdY/Js1Le2W7RYdS3iTugxVcBaymUOTFt8/+wrIHQCaz8aPtkJuLO7xX35R7oYCZxo7IUiA3x9S09e0GgSkUtPb0XyBtEpgkkhl61cpI/8IoVl16dm9w1sWjtYRLz2xJ92hFhE9dxSzapf2KxOpHHtCiF55t3MQuX6ZbktfBm7SEwANu1uXYQCkj4cpJUOAq/+g0nYUmCeVmJOytB2DrYsQ4zL5ls9uagWxILRV71ctIVp+Mu+Ov",
                "username": "ubuntu"
              }
            ],
            "admin_username": "ubuntu",
            "allow_extension_operations": true,
            "availability_set_id": "",
            "boot_diagnostics": [],
            "computer_name": "NPBTest3",
            "custom_data": null,
            "dedicated_host_group_id": "",
            "dedicated_host_id": "",
            "disable_password_authentication": true,
            "edge_zone": "",
            "encryption_at_host_enabled": false,
            "eviction_policy": "",
            "extensions_time_budget": "PT1H30M",
            "id": "/subscriptions/889c6666-e9ff-44f4-ac7e-23259acc8a5e/resourceGroups/NpbTestbench/providers/Microsoft.Compute/virtualMachines/NPBTest3",
            "identity": [],
            "license_type": "",
            "location": "westus2",
            "max_bid_price": -1,
            "name": "NPBTest3",
            "network_interface_ids": [
              "/subscriptions/889c6666-e9ff-44f4-ac7e-23259acc8a5e/resourceGroups/NpbTestbench/providers/Microsoft.Network/networkInterfaces/npbTest-nic-3"
            ],
            "os_disk": [
              {
                "caching": "ReadWrite",
                "diff_disk_settings": [],
                "disk_encryption_set_id": "",
                "disk_size_gb": 30,
                "name": "NPBTest3_OsDisk_1_eaa70b0019224092a9faf4357ac100ac",
                "storage_account_type": "Standard_LRS",
                "write_accelerator_enabled": false
              }
            ],
            "patch_mode": "ImageDefault",
            "plan": [],
            "platform_fault_domain": -1,
            "priority": "Regular",
            "private_ip_address": "10.0.1.4",
            "private_ip_addresses": [
              "10.0.1.4"
            ],
            "provision_vm_agent": true,
            "proximity_placement_group_id": "",
            "public_ip_address": "4.246.81.76",
            "public_ip_addresses": [
              "4.246.81.76"
            ],
            "resource_group_name": "NpbTestbench",
            "secret": [],
            "secure_boot_enabled": false,
            "size": "Standard_B4ms",
            "source_image_id": "",
            "source_image_reference": [
              {
                "offer": "0001-com-ubuntu-server-jammy",
                "publisher": "Canonical",
                "sku": "22_04-lts-gen2",
                "version": "latest"
              }
            ],
            "tags": null,
            "termination_notification": null,
            "timeouts": null,
            "user_data": "",
            "virtual_machine_id": "eb327333-ec55-4da7-a3c6-28093276b3a9",
            "virtual_machine_scale_set_id": "",
            "vtpm_enabled": false,
            "zone": ""
          },
          "sensitive_attributes": [],
          "private": "eyJlMmJmYjczMC1lY2FhLTExZTYtOGY4OC0zNDM2M2JjN2M0YzAiOnsiY3JlYXRlIjoyNzAwMDAwMDAwMDAwLCJkZWxldGUiOjI3MDAwMDAwMDAwMDAsInJlYWQiOjMwMDAwMDAwMDAwMCwidXBkYXRlIjoyNzAwMDAwMDAwMDAwfX0=",
          "dependencies": [
            "azurerm_network_interface.npb-Nic",
            "azurerm_public_ip.npb-PubIp",
            "azurerm_subnet.npbTest-Sub",
            "azurerm_virtual_network.npb-VNet",
            "data.azurerm_resource_group.npbTest-RG",
            "data.azurerm_ssh_public_key.npb-PubKey"
          ]
        }
      ]
    },
    {
      "mode": "managed",
      "type": "azurerm_network_interface",
      "name": "npb-Nic",
      "provider": "provider[\"registry.terraform.io/hashicorp/azurerm\"]",
      "instances": [
        {
          "index_key": 0,
          "schema_version": 0,
          "attributes": {
            "applied_dns_servers": [],
            "dns_servers": [],
            "edge_zone": "",
            "enable_accelerated_networking": false,
            "enable_ip_forwarding": false,
            "id": "/subscriptions/889c6666-e9ff-44f4-ac7e-23259acc8a5e/resourceGroups/NpbTestbench/providers/Microsoft.Network/networkInterfaces/npbTest-nic-1",
            "internal_dns_name_label": "",
            "internal_domain_name_suffix": "iwsn0x3zysnu3pmc1iyqypn5hf.xx.internal.cloudapp.net",
            "ip_configuration": [
              {
                "gateway_load_balancer_frontend_ip_configuration_id": "",
                "name": "internal",
                "primary": true,
                "private_ip_address": "10.0.1.5",
                "private_ip_address_allocation": "Dynamic",
                "private_ip_address_version": "IPv4",
                "public_ip_address_id": "/subscriptions/889c6666-e9ff-44f4-ac7e-23259acc8a5e/resourceGroups/NpbTestbench/providers/Microsoft.Network/publicIPAddresses/npbTest-pip-1",
                "subnet_id": "/subscriptions/889c6666-e9ff-44f4-ac7e-23259acc8a5e/resourceGroups/NpbTestbench/providers/Microsoft.Network/virtualNetworks/npbTest-vnet/subnets/npbTest-subnet"
              }
            ],
            "location": "westus2",
            "mac_address": "",
            "name": "npbTest-nic-1",
            "private_ip_address": "10.0.1.5",
            "private_ip_addresses": [
              "10.0.1.5"
            ],
            "resource_group_name": "NpbTestbench",
            "tags": null,
            "timeouts": null,
            "virtual_machine_id": ""
          },
          "sensitive_attributes": [],
          "private": "eyJlMmJmYjczMC1lY2FhLTExZTYtOGY4OC0zNDM2M2JjN2M0YzAiOnsiY3JlYXRlIjoxODAwMDAwMDAwMDAwLCJkZWxldGUiOjE4MDAwMDAwMDAwMDAsInJlYWQiOjMwMDAwMDAwMDAwMCwidXBkYXRlIjoxODAwMDAwMDAwMDAwfX0=",
          "dependencies": [
            "azurerm_public_ip.npb-PubIp",
            "azurerm_subnet.npbTest-Sub",
            "azurerm_virtual_network.npb-VNet",
            "data.azurerm_resource_group.npbTest-RG"
          ]
        },
        {
          "index_key": 1,
          "schema_version": 0,
          "attributes": {
            "applied_dns_servers": [],
            "dns_servers": [],
            "edge_zone": "",
            "enable_accelerated_networking": false,
            "enable_ip_forwarding": false,
            "id": "/subscriptions/889c6666-e9ff-44f4-ac7e-23259acc8a5e/resourceGroups/NpbTestbench/providers/Microsoft.Network/networkInterfaces/npbTest-nic-2",
            "internal_dns_name_label": "",
            "internal_domain_name_suffix": "iwsn0x3zysnu3pmc1iyqypn5hf.xx.internal.cloudapp.net",
            "ip_configuration": [
              {
                "gateway_load_balancer_frontend_ip_configuration_id": "",
                "name": "internal",
                "primary": true,
                "private_ip_address": "10.0.1.6",
                "private_ip_address_allocation": "Dynamic",
                "private_ip_address_version": "IPv4",
                "public_ip_address_id": "/subscriptions/889c6666-e9ff-44f4-ac7e-23259acc8a5e/resourceGroups/NpbTestbench/providers/Microsoft.Network/publicIPAddresses/npbTest-pip-2",
                "subnet_id": "/subscriptions/889c6666-e9ff-44f4-ac7e-23259acc8a5e/resourceGroups/NpbTestbench/providers/Microsoft.Network/virtualNetworks/npbTest-vnet/subnets/npbTest-subnet"
              }
            ],
            "location": "westus2",
            "mac_address": "",
            "name": "npbTest-nic-2",
            "private_ip_address": "10.0.1.6",
            "private_ip_addresses": [
              "10.0.1.6"
            ],
            "resource_group_name": "NpbTestbench",
            "tags": null,
            "timeouts": null,
            "virtual_machine_id": ""
          },
          "sensitive_attributes": [],
          "private": "eyJlMmJmYjczMC1lY2FhLTExZTYtOGY4OC0zNDM2M2JjN2M0YzAiOnsiY3JlYXRlIjoxODAwMDAwMDAwMDAwLCJkZWxldGUiOjE4MDAwMDAwMDAwMDAsInJlYWQiOjMwMDAwMDAwMDAwMCwidXBkYXRlIjoxODAwMDAwMDAwMDAwfX0=",
          "dependencies": [
            "azurerm_public_ip.npb-PubIp",
            "azurerm_subnet.npbTest-Sub",
            "azurerm_virtual_network.npb-VNet",
            "data.azurerm_resource_group.npbTest-RG"
          ]
        },
        {
          "index_key": 2,
          "schema_version": 0,
          "attributes": {
            "applied_dns_servers": [],
            "dns_servers": [],
            "edge_zone": "",
            "enable_accelerated_networking": false,
            "enable_ip_forwarding": false,
            "id": "/subscriptions/889c6666-e9ff-44f4-ac7e-23259acc8a5e/resourceGroups/NpbTestbench/providers/Microsoft.Network/networkInterfaces/npbTest-nic-3",
            "internal_dns_name_label": "",
            "internal_domain_name_suffix": "iwsn0x3zysnu3pmc1iyqypn5hf.xx.internal.cloudapp.net",
            "ip_configuration": [
              {
                "gateway_load_balancer_frontend_ip_configuration_id": "",
                "name": "internal",
                "primary": true,
                "private_ip_address": "10.0.1.4",
                "private_ip_address_allocation": "Dynamic",
                "private_ip_address_version": "IPv4",
                "public_ip_address_id": "/subscriptions/889c6666-e9ff-44f4-ac7e-23259acc8a5e/resourceGroups/NpbTestbench/providers/Microsoft.Network/publicIPAddresses/npbTest-pip-3",
                "subnet_id": "/subscriptions/889c6666-e9ff-44f4-ac7e-23259acc8a5e/resourceGroups/NpbTestbench/providers/Microsoft.Network/virtualNetworks/npbTest-vnet/subnets/npbTest-subnet"
              }
            ],
            "location": "westus2",
            "mac_address": "",
            "name": "npbTest-nic-3",
            "private_ip_address": "10.0.1.4",
            "private_ip_addresses": [
              "10.0.1.4"
            ],
            "resource_group_name": "NpbTestbench",
            "tags": null,
            "timeouts": null,
            "virtual_machine_id": ""
          },
          "sensitive_attributes": [],
          "private": "eyJlMmJmYjczMC1lY2FhLTExZTYtOGY4OC0zNDM2M2JjN2M0YzAiOnsiY3JlYXRlIjoxODAwMDAwMDAwMDAwLCJkZWxldGUiOjE4MDAwMDAwMDAwMDAsInJlYWQiOjMwMDAwMDAwMDAwMCwidXBkYXRlIjoxODAwMDAwMDAwMDAwfX0=",
          "dependencies": [
            "azurerm_public_ip.npb-PubIp",
            "azurerm_subnet.npbTest-Sub",
            "azurerm_virtual_network.npb-VNet",
            "data.azurerm_resource_group.npbTest-RG"
          ]
        }
      ]
    },
    {
      "mode": "managed",
      "type": "azurerm_network_interface_security_group_association",
      "name": "npb-Nic-Sg",
      "provider": "provider[\"registry.terraform.io/hashicorp/azurerm\"]",
      "instances": [
        {
          "index_key": 0,
          "schema_version": 0,
          "attributes": {
            "id": "/subscriptions/889c6666-e9ff-44f4-ac7e-23259acc8a5e/resourceGroups/NpbTestbench/providers/Microsoft.Network/networkInterfaces/npbTest-nic-1|/subscriptions/889c6666-e9ff-44f4-ac7e-23259acc8a5e/resourceGroups/NpbTestbench/providers/Microsoft.Network/networkSecurityGroups/npb-sg",
            "network_interface_id": "/subscriptions/889c6666-e9ff-44f4-ac7e-23259acc8a5e/resourceGroups/NpbTestbench/providers/Microsoft.Network/networkInterfaces/npbTest-nic-1",
            "network_security_group_id": "/subscriptions/889c6666-e9ff-44f4-ac7e-23259acc8a5e/resourceGroups/NpbTestbench/providers/Microsoft.Network/networkSecurityGroups/npb-sg",
            "timeouts": null
          },
          "sensitive_attributes": [],
          "private": "eyJlMmJmYjczMC1lY2FhLTExZTYtOGY4OC0zNDM2M2JjN2M0YzAiOnsiY3JlYXRlIjoxODAwMDAwMDAwMDAwLCJkZWxldGUiOjE4MDAwMDAwMDAwMDAsInJlYWQiOjMwMDAwMDAwMDAwMCwidXBkYXRlIjoxODAwMDAwMDAwMDAwfX0=",
          "dependencies": [
            "azurerm_network_interface.npb-Nic",
            "azurerm_network_security_group.npb-SG",
            "azurerm_public_ip.npb-PubIp",
            "azurerm_subnet.npbTest-Sub",
            "azurerm_virtual_network.npb-VNet",
            "data.azurerm_resource_group.npbTest-RG"
          ]
        },
        {
          "index_key": 1,
          "schema_version": 0,
          "attributes": {
            "id": "/subscriptions/889c6666-e9ff-44f4-ac7e-23259acc8a5e/resourceGroups/NpbTestbench/providers/Microsoft.Network/networkInterfaces/npbTest-nic-2|/subscriptions/889c6666-e9ff-44f4-ac7e-23259acc8a5e/resourceGroups/NpbTestbench/providers/Microsoft.Network/networkSecurityGroups/npb-sg",
            "network_interface_id": "/subscriptions/889c6666-e9ff-44f4-ac7e-23259acc8a5e/resourceGroups/NpbTestbench/providers/Microsoft.Network/networkInterfaces/npbTest-nic-2",
            "network_security_group_id": "/subscriptions/889c6666-e9ff-44f4-ac7e-23259acc8a5e/resourceGroups/NpbTestbench/providers/Microsoft.Network/networkSecurityGroups/npb-sg",
            "timeouts": null
          },
          "sensitive_attributes": [],
          "private": "eyJlMmJmYjczMC1lY2FhLTExZTYtOGY4OC0zNDM2M2JjN2M0YzAiOnsiY3JlYXRlIjoxODAwMDAwMDAwMDAwLCJkZWxldGUiOjE4MDAwMDAwMDAwMDAsInJlYWQiOjMwMDAwMDAwMDAwMCwidXBkYXRlIjoxODAwMDAwMDAwMDAwfX0=",
          "dependencies": [
            "azurerm_network_interface.npb-Nic",
            "azurerm_network_security_group.npb-SG",
            "azurerm_public_ip.npb-PubIp",
            "azurerm_subnet.npbTest-Sub",
            "azurerm_virtual_network.npb-VNet",
            "data.azurerm_resource_group.npbTest-RG"
          ]
        },
        {
          "index_key": 2,
          "schema_version": 0,
          "attributes": {
            "id": "/subscriptions/889c6666-e9ff-44f4-ac7e-23259acc8a5e/resourceGroups/NpbTestbench/providers/Microsoft.Network/networkInterfaces/npbTest-nic-3|/subscriptions/889c6666-e9ff-44f4-ac7e-23259acc8a5e/resourceGroups/NpbTestbench/providers/Microsoft.Network/networkSecurityGroups/npb-sg",
            "network_interface_id": "/subscriptions/889c6666-e9ff-44f4-ac7e-23259acc8a5e/resourceGroups/NpbTestbench/providers/Microsoft.Network/networkInterfaces/npbTest-nic-3",
            "network_security_group_id": "/subscriptions/889c6666-e9ff-44f4-ac7e-23259acc8a5e/resourceGroups/NpbTestbench/providers/Microsoft.Network/networkSecurityGroups/npb-sg",
            "timeouts": null
          },
          "sensitive_attributes": [],
          "private": "eyJlMmJmYjczMC1lY2FhLTExZTYtOGY4OC0zNDM2M2JjN2M0YzAiOnsiY3JlYXRlIjoxODAwMDAwMDAwMDAwLCJkZWxldGUiOjE4MDAwMDAwMDAwMDAsInJlYWQiOjMwMDAwMDAwMDAwMCwidXBkYXRlIjoxODAwMDAwMDAwMDAwfX0=",
          "dependencies": [
            "azurerm_network_interface.npb-Nic",
            "azurerm_network_security_group.npb-SG",
            "azurerm_public_ip.npb-PubIp",
            "azurerm_subnet.npbTest-Sub",
            "azurerm_virtual_network.npb-VNet",
            "data.azurerm_resource_group.npbTest-RG"
          ]
        }
      ]
    },
    {
      "mode": "managed",
      "type": "azurerm_network_security_group",
      "name": "npb-SG",
      "provider": "provider[\"registry.terraform.io/hashicorp/azurerm\"]",
      "instances": [
        {
          "schema_version": 0,
          "attributes": {
            "id": "/subscriptions/889c6666-e9ff-44f4-ac7e-23259acc8a5e/resourceGroups/NpbTestbench/providers/Microsoft.Network/networkSecurityGroups/npb-sg",
            "location": "westus2",
            "name": "npb-sg",
            "resource_group_name": "NpbTestbench",
            "security_rule": [
              {
                "access": "Allow",
                "description": "",
                "destination_address_prefix": "*",
                "destination_address_prefixes": [],
                "destination_application_security_group_ids": [],
                "destination_port_range": "*",
                "destination_port_ranges": [],
                "direction": "Inbound",
                "name": "AllowPing",
                "priority": 1020,
                "protocol": "Icmp",
                "source_address_prefix": "*",
                "source_address_prefixes": [],
                "source_application_security_group_ids": [],
                "source_port_range": "*",
                "source_port_ranges": []
              },
              {
                "access": "Allow",
                "description": "",
                "destination_address_prefix": "*",
                "destination_address_prefixes": [],
                "destination_application_security_group_ids": [],
                "destination_port_range": "22",
                "destination_port_ranges": [],
                "direction": "Inbound",
                "name": "AllowSSH",
                "priority": 1001,
                "protocol": "Tcp",
                "source_address_prefix": "*",
                "source_address_prefixes": [],
                "source_application_security_group_ids": [],
                "source_port_range": "*",
                "source_port_ranges": []
              },
              {
                "access": "Allow",
                "description": "",
                "destination_address_prefix": "VirtualNetwork",
                "destination_address_prefixes": [],
                "destination_application_security_group_ids": [],
                "destination_port_range": "*",
                "destination_port_ranges": [],
                "direction": "Inbound",
                "name": "AllowVNetInbound",
                "priority": 1010,
                "protocol": "*",
                "source_address_prefix": "VirtualNetwork",
                "source_address_prefixes": [],
                "source_application_security_group_ids": [],
                "source_port_range": "*",
                "source_port_ranges": []
              }
            ],
            "tags": null,
            "timeouts": null
          },
          "sensitive_attributes": [],
          "private": "eyJlMmJmYjczMC1lY2FhLTExZTYtOGY4OC0zNDM2M2JjN2M0YzAiOnsiY3JlYXRlIjoxODAwMDAwMDAwMDAwLCJkZWxldGUiOjE4MDAwMDAwMDAwMDAsInJlYWQiOjMwMDAwMDAwMDAwMCwidXBkYXRlIjoxODAwMDAwMDAwMDAwfX0=",
          "dependencies": [
            "data.azurerm_resource_group.npbTest-RG"
          ]
        }
      ]
    },
    {
      "mode": "managed",
      "type": "azurerm_public_ip",
      "name": "npb-PubIp",
      "provider": "provider[\"registry.terraform.io/hashicorp/azurerm\"]",
      "instances": [
        {
          "index_key": 0,
          "schema_version": 0,
          "attributes": {
            "allocation_method": "Static",
            "domain_name_label": null,
            "edge_zone": "",
            "fqdn": null,
            "id": "/subscriptions/889c6666-e9ff-44f4-ac7e-23259acc8a5e/resourceGroups/NpbTestbench/providers/Microsoft.Network/publicIPAddresses/npbTest-pip-1",
            "idle_timeout_in_minutes": 4,
            "ip_address": "4.155.217.20",
            "ip_tags": null,
            "ip_version": "IPv4",
            "location": "westus2",
            "name": "npbTest-pip-1",
            "public_ip_prefix_id": null,
            "resource_group_name": "NpbTestbench",
            "reverse_fqdn": null,
            "sku": "Standard",
            "sku_tier": "Regional",
            "tags": null,
            "timeouts": null,
            "zones": null
          },
          "sensitive_attributes": [],
          "private": "eyJlMmJmYjczMC1lY2FhLTExZTYtOGY4OC0zNDM2M2JjN2M0YzAiOnsiY3JlYXRlIjoxODAwMDAwMDAwMDAwLCJkZWxldGUiOjE4MDAwMDAwMDAwMDAsInJlYWQiOjMwMDAwMDAwMDAwMCwidXBkYXRlIjoxODAwMDAwMDAwMDAwfX0=",
          "dependencies": [
            "data.azurerm_resource_group.npbTest-RG"
          ]
        },
        {
          "index_key": 1,
          "schema_version": 0,
          "attributes": {
            "allocation_method": "Static",
            "domain_name_label": null,
            "edge_zone": "",
            "fqdn": null,
            "id": "/subscriptions/889c6666-e9ff-44f4-ac7e-23259acc8a5e/resourceGroups/NpbTestbench/providers/Microsoft.Network/publicIPAddresses/npbTest-pip-2",
            "idle_timeout_in_minutes": 4,
            "ip_address": "20.125.40.241",
            "ip_tags": null,
            "ip_version": "IPv4",
            "location": "westus2",
            "name": "npbTest-pip-2",
            "public_ip_prefix_id": null,
            "resource_group_name": "NpbTestbench",
            "reverse_fqdn": null,
            "sku": "Standard",
            "sku_tier": "Regional",
            "tags": null,
            "timeouts": null,
            "zones": null
          },
          "sensitive_attributes": [],
          "private": "eyJlMmJmYjczMC1lY2FhLTExZTYtOGY4OC0zNDM2M2JjN2M0YzAiOnsiY3JlYXRlIjoxODAwMDAwMDAwMDAwLCJkZWxldGUiOjE4MDAwMDAwMDAwMDAsInJlYWQiOjMwMDAwMDAwMDAwMCwidXBkYXRlIjoxODAwMDAwMDAwMDAwfX0=",
          "dependencies": [
            "data.azurerm_resource_group.npbTest-RG"
          ]
        },
        {
          "index_key": 2,
          "schema_version": 0,
          "attributes": {
            "allocation_method": "Static",
            "domain_name_label": null,
            "edge_zone": "",
            "fqdn": null,
            "id": "/subscriptions/889c6666-e9ff-44f4-ac7e-23259acc8a5e/resourceGroups/NpbTestbench/providers/Microsoft.Network/publicIPAddresses/npbTest-pip-3",
            "idle_timeout_in_minutes": 4,
            "ip_address": "4.246.81.76",
            "ip_tags": null,
            "ip_version": "IPv4",
            "location": "westus2",
            "name": "npbTest-pip-3",
            "public_ip_prefix_id": null,
            "resource_group_name": "NpbTestbench",
            "reverse_fqdn": null,
            "sku": "Standard",
            "sku_tier": "Regional",
            "tags": null,
            "timeouts": null,
            "zones": null
          },
          "sensitive_attributes": [],
          "private": "eyJlMmJmYjczMC1lY2FhLTExZTYtOGY4OC0zNDM2M2JjN2M0YzAiOnsiY3JlYXRlIjoxODAwMDAwMDAwMDAwLCJkZWxldGUiOjE4MDAwMDAwMDAwMDAsInJlYWQiOjMwMDAwMDAwMDAwMCwidXBkYXRlIjoxODAwMDAwMDAwMDAwfX0=",
          "dependencies": [
            "data.azurerm_resource_group.npbTest-RG"
          ]
        }
      ]
    },
    {
      "mode": "managed",
      "type": "azurerm_subnet",
      "name": "npbTest-Sub",
      "provider": "provider[\"registry.terraform.io/hashicorp/azurerm\"]",
      "instances": [
        {
          "schema_version": 0,
          "attributes": {
            "address_prefixes": [
              "10.0.1.0/24"
            ],
            "delegation": [],
            "enforce_private_link_endpoint_network_policies": false,
            "enforce_private_link_service_network_policies": false,
            "id": "/subscriptions/889c6666-e9ff-44f4-ac7e-23259acc8a5e/resourceGroups/NpbTestbench/providers/Microsoft.Network/virtualNetworks/npbTest-vnet/subnets/npbTest-subnet",
            "name": "npbTest-subnet",
            "resource_group_name": "NpbTestbench",
            "service_endpoint_policy_ids": null,
            "service_endpoints": null,
            "timeouts": null,
            "virtual_network_name": "npbTest-vnet"
          },
          "sensitive_attributes": [],
          "private": "eyJlMmJmYjczMC1lY2FhLTExZTYtOGY4OC0zNDM2M2JjN2M0YzAiOnsiY3JlYXRlIjoxODAwMDAwMDAwMDAwLCJkZWxldGUiOjE4MDAwMDAwMDAwMDAsInJlYWQiOjMwMDAwMDAwMDAwMCwidXBkYXRlIjoxODAwMDAwMDAwMDAwfX0=",
          "dependencies": [
            "azurerm_virtual_network.npb-VNet",
            "data.azurerm_resource_group.npbTest-RG"
          ]
        }
      ]
    },
    {
      "mode": "managed",
      "type": "azurerm_virtual_network",
      "name": "npb-VNet",
      "provider": "provider[\"registry.terraform.io/hashicorp/azurerm\"]",
      "instances": [
        {
          "schema_version": 0,
          "attributes": {
            "address_space": [
              "10.0.0.0/16"
            ],
            "bgp_community": "",
            "ddos_protection_plan": [],
            "dns_servers": [],
            "edge_zone": "",
            "flow_timeout_in_minutes": 0,
            "guid": "5fdda445-c4b9-4e9b-bd82-da310c3dbf3d",
            "id": "/subscriptions/889c6666-e9ff-44f4-ac7e-23259acc8a5e/resourceGroups/NpbTestbench/providers/Microsoft.Network/virtualNetworks/npbTest-vnet",
            "location": "westus2",
            "name": "npbTest-vnet",
            "resource_group_name": "NpbTestbench",
            "subnet": [],
            "tags": null,
            "timeouts": null
          },
          "sensitive_attributes": [],
          "private": "eyJlMmJmYjczMC1lY2FhLTExZTYtOGY4OC0zNDM2M2JjN2M0YzAiOnsiY3JlYXRlIjoxODAwMDAwMDAwMDAwLCJkZWxldGUiOjE4MDAwMDAwMDAwMDAsInJlYWQiOjMwMDAwMDAwMDAwMCwidXBkYXRlIjoxODAwMDAwMDAwMDAwfX0=",
          "dependencies": [
            "data.azurerm_resource_group.npbTest-RG"
          ]
        }
      ]
    }
  ],
  "check_results": null
}
